
Microsoft Visual Studio Solution File, Format Version 12.00
# Visual Studio Version 16
VisualStudioVersion = 16.0.31624.102
MinimumVisualStudioVersion = 10.0.40219.1
Project("{FAE04EC0-301F-11D3-BF4B-00C04F79EFBC}") = "DormManage", "DormManage\DormManage.csproj", "{0D57DE5A-1AD8-4717-B3F5-6C7DBB906188}"
EndProject
Global
	GlobalSection(SolutionConfigurationPlatforms) = preSolution
		Debug|Any CPU = Debug|Any CPU
		Release|Any CPU = Release|Any CPU
	EndGlobalSection
	GlobalSection(ProjectConfigurationPlatforms) = postSolution
		{0D57DE5A-1AD8-4717-B3F5-6C7DBB906188}.Debug|Any CPU.ActiveCfg = Debug|Any CPU
		{0D57DE5A-1AD8-4717-B3F5-6C7DBB906188}.Debug|Any CPU.Build.0 = Debug|Any CPU
		{0D57DE5A-1AD8-4717-B3F5-6C7DBB906188}.Release|Any CPU.ActiveCfg = Release|Any CPU
		{0D57DE5A-1AD8-4717-B3F5-6C7DBB906188}.Release|Any CPU.Build.0 = Release|Any CPU
	EndGlobalSection
	GlobalSection(SolutionProperties) = preSolution
		HideSolutionNode = FALSE
	EndGlobalSection
	GlobalSection(ExtensibilityGlobals) = postSolution
		SolutionGuid = {1E2300D8-C215-48B4-BB9C-913519E318E6}
	EndGlobalSection
EndGlobal
